
Microsoft Visual Studio Solution File, Format Version 12.00
# Visual Studio Version 16
VisualStudioVersion = 16.0.31321.278
MinimumVisualStudioVersion = 10.0.40219.1
Project("{9A19103F-16F7-4668-BE54-9A1E7A4F7556}") = "NumberGenerators", "NumberGenerators\NumberGenerators.csproj", "{E9960D67-E793-4347-9DF6-2491AD6690F5}"
EndProject
Project("{9A19103F-16F7-4668-BE54-9A1E7A4F7556}") = "NumberGenerators.Tests", "NumberGenerators.Tests\NumberGenerators.Tests.csproj", "{1DF4C210-A6FE-4237-84FC-D08866B4C5DD}"
EndProject
Project("{FAE04EC0-301F-11D3-BF4B-00C04F79EFBC}") = "NumberGenerators.Common", "NumberGenerators.Common\NumberGenerators.Common.csproj", "{BCDFCEE0-5ED9-40BF-A56F-C132BE07E5A6}"
EndProject
Global
	GlobalSection(SolutionConfigurationPlatforms) = preSolution
		Debug|Any CPU = Debug|Any CPU
		Release|Any CPU = Release|Any CPU
	EndGlobalSection
	GlobalSection(ProjectConfigurationPlatforms) = postSolution
		{E9960D67-E793-4347-9DF6-2491AD6690F5}.Debug|Any CPU.ActiveCfg = Debug|Any CPU
		{E9960D67-E793-4347-9DF6-2491AD6690F5}.Debug|Any CPU.Build.0 = Debug|Any CPU
		{E9960D67-E793-4347-9DF6-2491AD6690F5}.Release|Any CPU.ActiveCfg = Release|Any CPU
		{E9960D67-E793-4347-9DF6-2491AD6690F5}.Release|Any CPU.Build.0 = Release|Any CPU
		{1DF4C210-A6FE-4237-84FC-D08866B4C5DD}.Debug|Any CPU.ActiveCfg = Debug|Any CPU
		{1DF4C210-A6FE-4237-84FC-D08866B4C5DD}.Debug|Any CPU.Build.0 = Debug|Any CPU
		{1DF4C210-A6FE-4237-84FC-D08866B4C5DD}.Release|Any CPU.ActiveCfg = Release|Any CPU
		{1DF4C210-A6FE-4237-84FC-D08866B4C5DD}.Release|Any CPU.Build.0 = Release|Any CPU
		{BCDFCEE0-5ED9-40BF-A56F-C132BE07E5A6}.Debug|Any CPU.ActiveCfg = Debug|Any CPU
		{BCDFCEE0-5ED9-40BF-A56F-C132BE07E5A6}.Debug|Any CPU.Build.0 = Debug|Any CPU
		{BCDFCEE0-5ED9-40BF-A56F-C132BE07E5A6}.Release|Any CPU.ActiveCfg = Release|Any CPU
		{BCDFCEE0-5ED9-40BF-A56F-C132BE07E5A6}.Release|Any CPU.Build.0 = Release|Any CPU
	EndGlobalSection
	GlobalSection(SolutionProperties) = preSolution
		HideSolutionNode = FALSE
	EndGlobalSection
	GlobalSection(ExtensibilityGlobals) = postSolution
		SolutionGuid = {17923A80-A968-4E0E-BC0F-AA606A33DFC3}
	EndGlobalSection
EndGlobal
